
Microsoft Visual Studio Solution File, Format Version 9.00
# Visual Studio 2005
Project("{FAE04EC0-301F-11D3-BF4B-00C04F79EFBC}") = "BLT", "BLT\BLT.csproj", "{9952BECB-C5AA-4D2D-956E-1ABA87DAD536}"
EndProject
Project("{FAE04EC0-301F-11D3-BF4B-00C04F79EFBC}") = "BLTTest", "BLTTest\BLTTest.csproj", "{457D86C1-D02C-455A-98C7-982F56161112}"
EndProject
Global
	GlobalSection(SolutionConfigurationPlatforms) = preSolution
		Debug|Any CPU = Debug|Any CPU
		Release|Any CPU = Release|Any CPU
	EndGlobalSection
	GlobalSection(ProjectConfigurationPlatforms) = postSolution
		{9952BECB-C5AA-4D2D-956E-1ABA87DAD536}.Debug|Any CPU.ActiveCfg = Debug|Any CPU
		{9952BECB-C5AA-4D2D-956E-1ABA87DAD536}.Debug|Any CPU.Build.0 = Debug|Any CPU
		{9952BECB-C5AA-4D2D-956E-1ABA87DAD536}.Release|Any CPU.ActiveCfg = Release|Any CPU
		{9952BECB-C5AA-4D2D-956E-1ABA87DAD536}.Release|Any CPU.Build.0 = Release|Any CPU
		{457D86C1-D02C-455A-98C7-982F56161112}.Debug|Any CPU.ActiveCfg = Debug|Any CPU
		{457D86C1-D02C-455A-98C7-982F56161112}.Debug|Any CPU.Build.0 = Debug|Any CPU
		{457D86C1-D02C-455A-98C7-982F56161112}.Release|Any CPU.ActiveCfg = Release|Any CPU
		{457D86C1-D02C-455A-98C7-982F56161112}.Release|Any CPU.Build.0 = Release|Any CPU
	EndGlobalSection
	GlobalSection(SolutionProperties) = preSolution
		HideSolutionNode = FALSE
	EndGlobalSection
EndGlobal
